
Microsoft Visual Studio Solution File, Format Version 12.00
# Visual Studio Version 16
VisualStudioVersion = 16.0.31129.286
MinimumVisualStudioVersion = 10.0.40219.1
Project("{FAE04EC0-301F-11D3-BF4B-00C04F79EFBC}") = "CoinService", "CoinService\CoinService.csproj", "{354544E2-42F3-4223-BA04-58574799FA5F}"
EndProject
Global
	GlobalSection(SolutionConfigurationPlatforms) = preSolution
		Debug|Any CPU = Debug|Any CPU
		Release|Any CPU = Release|Any CPU
	EndGlobalSection
	GlobalSection(ProjectConfigurationPlatforms) = postSolution
		{354544E2-42F3-4223-BA04-58574799FA5F}.Debug|Any CPU.ActiveCfg = Debug|Any CPU
		{354544E2-42F3-4223-BA04-58574799FA5F}.Debug|Any CPU.Build.0 = Debug|Any CPU
		{354544E2-42F3-4223-BA04-58574799FA5F}.Release|Any CPU.ActiveCfg = Release|Any CPU
		{354544E2-42F3-4223-BA04-58574799FA5F}.Release|Any CPU.Build.0 = Release|Any CPU
	EndGlobalSection
	GlobalSection(SolutionProperties) = preSolution
		HideSolutionNode = FALSE
	EndGlobalSection
	GlobalSection(ExtensibilityGlobals) = postSolution
		SolutionGuid = {06E3984C-4E7B-4F17-9854-14A39CA0D4C7}
	EndGlobalSection
EndGlobal
